
Microsoft Visual Studio Solution File, Format Version 12.00
# Visual Studio 15
VisualStudioVersion = 15.0.28307.106
MinimumVisualStudioVersion = 10.0.40219.1
Project("{FAE04EC0-301F-11D3-BF4B-00C04F79EFBC}") = "hesap_machine", "hesap_machine\hesap_machine.csproj", "{C09D8C80-E78A-4C90-BF37-78CC408DF8FE}"
EndProject
Global
	GlobalSection(SolutionConfigurationPlatforms) = preSolution
		Debug|Any CPU = Debug|Any CPU
		Release|Any CPU = Release|Any CPU
	EndGlobalSection
	GlobalSection(ProjectConfigurationPlatforms) = postSolution
		{C09D8C80-E78A-4C90-BF37-78CC408DF8FE}.Debug|Any CPU.ActiveCfg = Debug|Any CPU
		{C09D8C80-E78A-4C90-BF37-78CC408DF8FE}.Debug|Any CPU.Build.0 = Debug|Any CPU
		{C09D8C80-E78A-4C90-BF37-78CC408DF8FE}.Release|Any CPU.ActiveCfg = Release|Any CPU
		{C09D8C80-E78A-4C90-BF37-78CC408DF8FE}.Release|Any CPU.Build.0 = Release|Any CPU
	EndGlobalSection
	GlobalSection(SolutionProperties) = preSolution
		HideSolutionNode = FALSE
	EndGlobalSection
	GlobalSection(ExtensibilityGlobals) = postSolution
		SolutionGuid = {8269328A-8BD3-4FE7-9524-C13FB904FF5B}
	EndGlobalSection
EndGlobal
